github.com/google/gonids v0.0.0-20250718035548-a83587b2cdba h1:Z4Ts4yiaFSpa0V1akN3puT2JK31TL32JOQnRk3vbBh4=
github.com/google/gonids v0.0.0-20250718035548-a83587b2cdba/go.mod h1:ruI8835YUpA2cnRgGk0GGkhwmWa12bQL/py/znxIlaM=
github.com/kylelemons/godebug v1.1.0/go.mod h1:9/0rRGxNHcop5bhtWyNeEfOS8JIWk580+fNqagV/RAw=
